
Microsoft Visual Studio Solution File, Format Version 12.00
# Visual Studio Version 17
VisualStudioVersion = 17.9.34728.123
MinimumVisualStudioVersion = 10.0.40219.1
Project("{FAE04EC0-301F-11D3-BF4B-00C04F79EFBC}") = "SmartHomeControl", "SmartHomeControl\SmartHomeControl.csproj", "{4E968A0A-7A59-4DD6-A55C-D01EA8D545CE}"
EndProject
Project("{FAE04EC0-301F-11D3-BF4B-00C04F79EFBC}") = "SmartHomeControlFrontend", "SmartHomeControlFrontend\SmartHomeControlFrontend.csproj", "{9F16E362-BE20-48EA-8869-04FF5E5186F4}"
EndProject
Global
	GlobalSection(SolutionConfigurationPlatforms) = preSolution
		Debug|Any CPU = Debug|Any CPU
		Release|Any CPU = Release|Any CPU
	EndGlobalSection
	GlobalSection(ProjectConfigurationPlatforms) = postSolution
		{4E968A0A-7A59-4DD6-A55C-D01EA8D545CE}.Debug|Any CPU.ActiveCfg = Debug|Any CPU
		{4E968A0A-7A59-4DD6-A55C-D01EA8D545CE}.Debug|Any CPU.Build.0 = Debug|Any CPU
		{4E968A0A-7A59-4DD6-A55C-D01EA8D545CE}.Release|Any CPU.ActiveCfg = Release|Any CPU
		{4E968A0A-7A59-4DD6-A55C-D01EA8D545CE}.Release|Any CPU.Build.0 = Release|Any CPU
		{9F16E362-BE20-48EA-8869-04FF5E5186F4}.Debug|Any CPU.ActiveCfg = Debug|Any CPU
		{9F16E362-BE20-48EA-8869-04FF5E5186F4}.Debug|Any CPU.Build.0 = Debug|Any CPU
		{9F16E362-BE20-48EA-8869-04FF5E5186F4}.Release|Any CPU.ActiveCfg = Release|Any CPU
		{9F16E362-BE20-48EA-8869-04FF5E5186F4}.Release|Any CPU.Build.0 = Release|Any CPU
	EndGlobalSection
	GlobalSection(SolutionProperties) = preSolution
		HideSolutionNode = FALSE
	EndGlobalSection
	GlobalSection(ExtensibilityGlobals) = postSolution
		SolutionGuid = {95DB4FAB-F841-4BB2-8CAE-C903D9E6EE39}
	EndGlobalSection
EndGlobal
